PODS:
  - DXImageSliderView (1.0.1)
  - Kingfisher (4.10.1)

DEPENDENCIES:
  - DXImageSliderView (from `../`)
  - Kingfisher

SPEC REPOS:
  trunk:
    - Kingfisher

EXTERNAL SOURCES:
  DXImageSliderView:
    :path: "../"

SPEC CHECKSUMS:
  DXImageSliderView: d065d9f429c74410c3deb5978e5834fa46861fbf
  Kingfisher: c148cd7b47ebde9989f6bc7c27dcaa79d81279a0

PODFILE CHECKSUM: ef929e0fec6f3cacd66577094cd42b6a35d8a048

COCOAPODS: 1.11.3
